
Microsoft Visual Studio Solution File, Format Version 12.00
# Visual Studio 14
VisualStudioVersion = 14.0.25123.0
MinimumVisualStudioVersion = 10.0.40219.1
Project("{FAE04EC0-301F-11D3-BF4B-00C04F79EFBC}") = "issues_web_api", "issues_web_api\issues_web_api.csproj", "{46FD9D3A-87BC-43AB-AE22-D39A53462477}"
EndProject
Global
	GlobalSection(SolutionConfigurationPlatforms) = preSolution
		Debug|Any CPU = Debug|Any CPU
		Release|Any CPU = Release|Any CPU
	EndGlobalSection
	GlobalSection(ProjectConfigurationPlatforms) = postSolution
		{46FD9D3A-87BC-43AB-AE22-D39A53462477}.Debug|Any CPU.ActiveCfg = Debug|Any CPU
		{46FD9D3A-87BC-43AB-AE22-D39A53462477}.Debug|Any CPU.Build.0 = Debug|Any CPU
		{46FD9D3A-87BC-43AB-AE22-D39A53462477}.Release|Any CPU.ActiveCfg = Release|Any CPU
		{46FD9D3A-87BC-43AB-AE22-D39A53462477}.Release|Any CPU.Build.0 = Release|Any CPU
	EndGlobalSection
	GlobalSection(SolutionProperties) = preSolution
		HideSolutionNode = FALSE
	EndGlobalSection
EndGlobal
